// !$*UTF8*$!
{
	archiveVersion = 1;
	classes = {
	};
	objectVersion = 46;
	objects = {

/* Begin PBXBuildFile section */
		4D0849741D9A70BA00AEB08F /* MBProgressHUD.framework in Frameworks */ = {isa = PBXBuildFile; fileRef = 4D0849731D9A70BA00AEB08F /* MBProgressHUD.framework */; };
		4D0849751D9A70E100AEB08F /* MBProgressHUD.framework in CopyFiles */ = {isa = PBXBuildFile; fileRef = 4D0849731D9A70BA00AEB08F /* MBProgressHUD.framework */; settings = {ATTRIBUTES = (CodeSignOnCopy, RemoveHeadersOnCopy, ); }; };
		4D0FF13E1D9B52EA009FC18B /* NewsTableViewCell.swift in Sources */ = {isa = PBXBuildFile; fileRef = 4D0FF13D1D9B52EA009FC18B /* NewsTableViewCell.swift */; };
		4D0FF1411D9B532A009FC18B /* NewsListcell.xib in Resources */ = {isa = PBXBuildFile; fileRef = 4D0FF1401D9B532A009FC18B /* NewsListcell.xib */; };
		4D3545451D9A07DD008C466C /* TheXMLParser.swift in Sources */ = {isa = PBXBuildFile; fileRef = 4D3545441D9A07DD008C466C /* TheXMLParser.swift */; };
		4D3B3B531D977BFB00C55650 /* Assets.xcassets in Resources */ = {isa = PBXBuildFile; fileRef = 4D3B3B521D977BFB00C55650 /* Assets.xcassets */; };
		4D3B3B561D977BFB00C55650 /* LaunchScreen.storyboard in Resources */ = {isa = PBXBuildFile; fileRef = 4D3B3B541D977BFB00C55650 /* LaunchScreen.storyboard */; };
		4D3B3B611D977BFB00C55650 /* iosAPP_SwiftTests.swift in Sources */ = {isa = PBXBuildFile; fileRef = 4D3B3B601D977BFB00C55650 /* iosAPP_SwiftTests.swift */; };
		4D3B3B6C1D977BFB00C55650 /* iosAPP_SwiftUITests.swift in Sources */ = {isa = PBXBuildFile; fileRef = 4D3B3B6B1D977BFB00C55650 /* iosAPP_SwiftUITests.swift */; };
		4D3B3B921D977C2700C55650 /* DiscoverViewController.swift in Sources */ = {isa = PBXBuildFile; fileRef = 4D3B3B7C1D977C2700C55650 /* DiscoverViewController.swift */; };
		4D3B3B931D977C2700C55650 /* HomePageViewController.swift in Sources */ = {isa = PBXBuildFile; fileRef = 4D3B3B7D1D977C2700C55650 /* HomePageViewController.swift */; };
		4D3B3B941D977C2700C55650 /* RootViewController.swift in Sources */ = {isa = PBXBuildFile; fileRef = 4D3B3B7F1D977C2700C55650 /* RootViewController.swift */; };
		4D3B3B951D977C2700C55650 /* SubActivitiesTableViewController.swift in Sources */ = {isa = PBXBuildFile; fileRef = 4D3B3B811D977C2700C55650 /* SubActivitiesTableViewController.swift */; };
		4D3B3B961D977C2700C55650 /* SubBlogTableViewController.swift in Sources */ = {isa = PBXBuildFile; fileRef = 4D3B3B821D977C2700C55650 /* SubBlogTableViewController.swift */; };
		4D3B3B971D977C2700C55650 /* SubNewsTableViewController.swift in Sources */ = {isa = PBXBuildFile; fileRef = 4D3B3B831D977C2700C55650 /* SubNewsTableViewController.swift */; };
		4D3B3B981D977C2700C55650 /* SubQuestionsTableViewController.swift in Sources */ = {isa = PBXBuildFile; fileRef = 4D3B3B841D977C2700C55650 /* SubQuestionsTableViewController.swift */; };
		4D3B3B9D1D977C2700C55650 /* SwappableViewController.swift in Sources */ = {isa = PBXBuildFile; fileRef = 4D3B3B891D977C2700C55650 /* SwappableViewController.swift */; };
		4D3B3B9E1D977C2700C55650 /* TweetEditViewController.swift in Sources */ = {isa = PBXBuildFile; fileRef = 4D3B3B8A1D977C2700C55650 /* TweetEditViewController.swift */; };
		4D3B3B9F1D977C2700C55650 /* TweetTableViewController.swift in Sources */ = {isa = PBXBuildFile; fileRef = 4D3B3B8B1D977C2700C55650 /* TweetTableViewController.swift */; };
		4D3B3BA01D977C2700C55650 /* TitleTabBar.swift in Sources */ = {isa = PBXBuildFile; fileRef = 4D3B3B911D977C2700C55650 /* TitleTabBar.swift */; };
		4D3B3BA21D977C4000C55650 /* AppDelegate.swift in Sources */ = {isa = PBXBuildFile; fileRef = 4D3B3BA11D977C4000C55650 /* AppDelegate.swift */; };
		4D5AE59B1D9A6D8F00378BE5 /* Cartfile in Resources */ = {isa = PBXBuildFile; fileRef = 4D5AE59A1D9A6D8F00378BE5 /* Cartfile */; };
		4D7DB12C1D9784B000168786 /* Alamofire.framework in Frameworks */ = {isa = PBXBuildFile; fileRef = 4D7DB12B1D9784B000168786 /* Alamofire.framework */; };
		4D7DB12E1D97858800168786 /* Alamofire.framework in CopyFiles */ = {isa = PBXBuildFile; fileRef = 4D7DB12B1D9784B000168786 /* Alamofire.framework */; settings = {ATTRIBUTES = (CodeSignOnCopy, RemoveHeadersOnCopy, ); }; };
		4D7DB1301D9786F700168786 /* SnapKit.framework in Frameworks */ = {isa = PBXBuildFile; fileRef = 4D7DB12F1D9786F700168786 /* SnapKit.framework */; };
		4D7DB1311D97873B00168786 /* SnapKit.framework in CopyFiles */ = {isa = PBXBuildFile; fileRef = 4D7DB12F1D9786F700168786 /* SnapKit.framework */; settings = {ATTRIBUTES = (CodeSignOnCopy, RemoveHeadersOnCopy, ); }; };
		4DA38D341D9CA87300ED333A /* README.md in Sources */ = {isa = PBXBuildFile; fileRef = 4DA38D331D9CA87300ED333A /* README.md */; };
		4DB674E91D9BC20700C717B0 /* NewsDetailViewController.swift in Sources */ = {isa = PBXBuildFile; fileRef = 4DB674E81D9BC20700C717B0 /* NewsDetailViewController.swift */; };
		4DE949751D9799820027B956 /* NewsObject.swift in Sources */ = {isa = PBXBuildFile; fileRef = 4DE949741D9799820027B956 /* NewsObject.swift */; };
		4DE949771D9799FB0027B956 /* NewsType.swift in Sources */ = {isa = PBXBuildFile; fileRef = 4DE949761D9799FB0027B956 /* NewsType.swift */; };
		4DE9497B1D97D83F0027B956 /* APIConstants.swift in Sources */ = {isa = PBXBuildFile; fileRef = 4DE9497A1D97D83F0027B956 /* APIConstants.swift */; };
/* End PBXBuildFile section */

/* Begin PBXContainerItemProxy section */
		4D3B3B5D1D977BFB00C55650 /* PBXContainerItemProxy */ = {
			isa = PBXContainerItemProxy;
			containerPortal = 4D3B3B401D977BFB00C55650 /* Project object */;
			proxyType = 1;
			remoteGlobalIDString = 4D3B3B471D977BFB00C55650;
			remoteInfo = iosAPP_Swift;
		};
		4D3B3B681D977BFB00C55650 /* PBXContainerItemProxy */ = {
			isa = PBXContainerItemProxy;
			containerPortal = 4D3B3B401D977BFB00C55650 /* Project object */;
			proxyType = 1;
			remoteGlobalIDString = 4D3B3B471D977BFB00C55650;
			remoteInfo = iosAPP_Swift;
		};
/* End PBXContainerItemProxy section */

/* Begin PBXCopyFilesBuildPhase section */
		4D7DB12D1D97857C00168786 /* CopyFiles */ = {
			isa = PBXCopyFilesBuildPhase;
			buildActionMask = 2147483647;
			dstPath = "";
			dstSubfolderSpec = 10;
			files = (
				4D0849751D9A70E100AEB08F /* MBProgressHUD.framework in CopyFiles */,
				4D7DB1311D97873B00168786 /* SnapKit.framework in CopyFiles */,
				4D7DB12E1D97858800168786 /* Alamofire.framework in CopyFiles */,
			);
			runOnlyForDeploymentPostprocessing = 0;
		};
/* End PBXCopyFilesBuildPhase section */

/* Begin PBXFileReference section */
		4D0849731D9A70BA00AEB08F /* MBProgressHUD.framework */ = {isa = PBXFileReference; lastKnownFileType = wrapper.framework; path = MBProgressHUD.framework; sourceTree = "<group>"; };
		4D0FF13D1D9B52EA009FC18B /* NewsTableViewCell.swift */ = {isa = PBXFileReference; fileEncoding = 4; lastKnownFileType = sourcecode.swift; path = NewsTableViewCell.swift; sourceTree = "<group>"; };
		4D0FF1401D9B532A009FC18B /* NewsListcell.xib */ = {isa = PBXFileReference; fileEncoding = 4; lastKnownFileType = file.xib; path = NewsListcell.xib; sourceTree = "<group>"; };
		4D3545441D9A07DD008C466C /* TheXMLParser.swift */ = {isa = PBXFileReference; fileEncoding = 4; lastKnownFileType = sourcecode.swift; path = TheXMLParser.swift; sourceTree = "<group>"; };
		4D3B3B481D977BFB00C55650 /* iosAPP_Swift.app */ = {isa = PBXFileReference; explicitFileType = wrapper.application; includeInIndex = 0; path = iosAPP_Swift.app; sourceTree = BUILT_PRODUCTS_DIR; };
		4D3B3B521D977BFB00C55650 /* Assets.xcassets */ = {isa = PBXFileReference; lastKnownFileType = folder.assetcatalog; path = Assets.xcassets; sourceTree = "<group>"; };
		4D3B3B551D977BFB00C55650 /* Base */ = {isa = PBXFileReference; lastKnownFileType = file.storyboard; name = Base; path = Base.lproj/LaunchScreen.storyboard; sourceTree = "<group>"; };
		4D3B3B571D977BFB00C55650 /* Info.plist */ = {isa = PBXFileReference; lastKnownFileType = text.plist.xml; path = Info.plist; sourceTree = "<group>"; };
		4D3B3B5C1D977BFB00C55650 /* iosAPP_SwiftTests.xctest */ = {isa = PBXFileReference; explicitFileType = wrapper.cfbundle; includeInIndex = 0; path = iosAPP_SwiftTests.xctest; sourceTree = BUILT_PRODUCTS_DIR; };
		4D3B3B601D977BFB00C55650 /* iosAPP_SwiftTests.swift */ = {isa = PBXFileReference; lastKnownFileType = sourcecode.swift; path = iosAPP_SwiftTests.swift; sourceTree = "<group>"; };
		4D3B3B621D977BFB00C55650 /* Info.plist */ = {isa = PBXFileReference; lastKnownFileType = text.plist.xml; path = Info.plist; sourceTree = "<group>"; };
		4D3B3B671D977BFB00C55650 /* iosAPP_SwiftUITests.xctest */ = {isa = PBXFileReference; explicitFileType = wrapper.cfbundle; includeInIndex = 0; path = iosAPP_SwiftUITests.xctest; sourceTree = BUILT_PRODUCTS_DIR; };
		4D3B3B6B1D977BFB00C55650 /* iosAPP_SwiftUITests.swift */ = {isa = PBXFileReference; lastKnownFileType = sourcecode.swift; path = iosAPP_SwiftUITests.swift; sourceTree = "<group>"; };
		4D3B3B6D1D977BFB00C55650 /* Info.plist */ = {isa = PBXFileReference; lastKnownFileType = text.plist.xml; path = Info.plist; sourceTree = "<group>"; };
		4D3B3B7C1D977C2700C55650 /* DiscoverViewController.swift */ = {isa = PBXFileReference; fileEncoding = 4; lastKnownFileType = sourcecode.swift; path = DiscoverViewController.swift; sourceTree = "<group>"; };
		4D3B3B7D1D977C2700C55650 /* HomePageViewController.swift */ = {isa = PBXFileReference; fileEncoding = 4; lastKnownFileType = sourcecode.swift; path = HomePageViewController.swift; sourceTree = "<group>"; };
		4D3B3B7F1D977C2700C55650 /* RootViewController.swift */ = {isa = PBXFileReference; fileEncoding = 4; lastKnownFileType = sourcecode.swift; path = RootViewController.swift; sourceTree = "<group>"; };
		4D3B3B811D977C2700C55650 /* SubActivitiesTableViewController.swift */ = {isa = PBXFileReference; fileEncoding = 4; lastKnownFileType = sourcecode.swift; path = SubActivitiesTableViewController.swift; sourceTree = "<group>"; };
		4D3B3B821D977C2700C55650 /* SubBlogTableViewController.swift */ = {isa = PBXFileReference; fileEncoding = 4; lastKnownFileType = sourcecode.swift; path = SubBlogTableViewController.swift; sourceTree = "<group>"; };
		4D3B3B831D977C2700C55650 /* SubNewsTableViewController.swift */ = {isa = PBXFileReference; fileEncoding = 4; lastKnownFileType = sourcecode.swift; path = SubNewsTableViewController.swift; sourceTree = "<group>"; };
		4D3B3B841D977C2700C55650 /* SubQuestionsTableViewController.swift */ = {isa = PBXFileReference; fileEncoding = 4; lastKnownFileType = sourcecode.swift; path = SubQuestionsTableViewController.swift; sourceTree = "<group>"; };
		4D3B3B891D977C2700C55650 /* SwappableViewController.swift */ = {isa = PBXFileReference; fileEncoding = 4; lastKnownFileType = sourcecode.swift; path = SwappableViewController.swift; sourceTree = "<group>"; };
		4D3B3B8A1D977C2700C55650 /* TweetEditViewController.swift */ = {isa = PBXFileReference; fileEncoding = 4; lastKnownFileType = sourcecode.swift; path = TweetEditViewController.swift; sourceTree = "<group>"; };
		4D3B3B8B1D977C2700C55650 /* TweetTableViewController.swift */ = {isa = PBXFileReference; fileEncoding = 4; lastKnownFileType = sourcecode.swift; path = TweetTableViewController.swift; sourceTree = "<group>"; };
		4D3B3B911D977C2700C55650 /* TitleTabBar.swift */ = {isa = PBXFileReference; fileEncoding = 4; lastKnownFileType = sourcecode.swift; path = TitleTabBar.swift; sourceTree = "<group>"; };
		4D3B3BA11D977C4000C55650 /* AppDelegate.swift */ = {isa = PBXFileReference; fileEncoding = 4; lastKnownFileType = sourcecode.swift; path = AppDelegate.swift; sourceTree = "<group>"; };
		4D5AE59A1D9A6D8F00378BE5 /* Cartfile */ = {isa = PBXFileReference; fileEncoding = 4; lastKnownFileType = text; path = Cartfile; sourceTree = "<group>"; };
		4D7DB12B1D9784B000168786 /* Alamofire.framework */ = {isa = PBXFileReference; lastKnownFileType = wrapper.framework; path = Alamofire.framework; sourceTree = "<group>"; };
		4D7DB12F1D9786F700168786 /* SnapKit.framework */ = {isa = PBXFileReference; lastKnownFileType = wrapper.framework; path = SnapKit.framework; sourceTree = "<group>"; };
		4DA38D331D9CA87300ED333A /* README.md */ = {isa = PBXFileReference; fileEncoding = 4; lastKnownFileType = net.daringfireball.markdown; path = README.md; sourceTree = "<group>"; };
		4DB674E81D9BC20700C717B0 /* NewsDetailViewController.swift */ = {isa = PBXFileReference; fileEncoding = 4; lastKnownFileType = sourcecode.swift; path = NewsDetailViewController.swift; sourceTree = "<group>"; };
		4DE949741D9799820027B956 /* NewsObject.swift */ = {isa = PBXFileReference; fileEncoding = 4; lastKnownFileType = sourcecode.swift; path = NewsObject.swift; sourceTree = "<group>"; };
		4DE949761D9799FB0027B956 /* NewsType.swift */ = {isa = PBXFileReference; fileEncoding = 4; lastKnownFileType = sourcecode.swift; path = NewsType.swift; sourceTree = "<group>"; };
		4DE9497A1D97D83F0027B956 /* APIConstants.swift */ = {isa = PBXFileReference; fileEncoding = 4; lastKnownFileType = sourcecode.swift; path = APIConstants.swift; sourceTree = "<group>"; };
/* End PBXFileReference section */

/* Begin PBXFrameworksBuildPhase section */
		4D3B3B451D977BFB00C55650 /* Frameworks */ = {
			isa = PBXFrameworksBuildPhase;
			buildActionMask = 2147483647;
			files = (
				4D7DB12C1D9784B000168786 /* Alamofire.framework in Frameworks */,
				4D7DB1301D9786F700168786 /* SnapKit.framework in Frameworks */,
				4D0849741D9A70BA00AEB08F /* MBProgressHUD.framework in Frameworks */,
			);
			runOnlyForDeploymentPostprocessing = 0;
		};
		4D3B3B591D977BFB00C55650 /* Frameworks */ = {
			isa = PBXFrameworksBuildPhase;
			buildActionMask = 2147483647;
			files = (
			);
			runOnlyForDeploymentPostprocessing = 0;
		};
		4D3B3B641D977BFB00C55650 /* Frameworks */ = {
			isa = PBXFrameworksBuildPhase;
			buildActionMask = 2147483647;
			files = (
			);
			runOnlyForDeploymentPostprocessing = 0;
		};
/* End PBXFrameworksBuildPhase section */

/* Begin PBXGroup section */
		4D0FF13F1D9B52F3009FC18B /* Components */ = {
			isa = PBXGroup;
			children = (
				4D0FF13D1D9B52EA009FC18B /* NewsTableViewCell.swift */,
				4D0FF1401D9B532A009FC18B /* NewsListcell.xib */,
				4DB674E81D9BC20700C717B0 /* NewsDetailViewController.swift */,
			);
			name = Components;
			sourceTree = "<group>";
		};
		4D2488431D9781DF00A9BFD6 /* Supporting Files */ = {
			isa = PBXGroup;
			children = (
				4D3B3B521D977BFB00C55650 /* Assets.xcassets */,
				4D3B3B541D977BFB00C55650 /* LaunchScreen.storyboard */,
				4D3B3B571D977BFB00C55650 /* Info.plist */,
			);
			name = "Supporting Files";
			sourceTree = "<group>";
		};
		4D3B3B3F1D977BFB00C55650 = {
			isa = PBXGroup;
			children = (
				4DA38D331D9CA87300ED333A /* README.md */,
				4D5AE59A1D9A6D8F00378BE5 /* Cartfile */,
				4D3B3B4A1D977BFB00C55650 /* iosAPP_Swift */,
				4D3B3B5F1D977BFB00C55650 /* iosAPP_SwiftTests */,
				4D3B3B6A1D977BFB00C55650 /* iosAPP_SwiftUITests */,
				4D3B3B491D977BFB00C55650 /* Products */,
			);
			sourceTree = "<group>";
		};
		4D3B3B491D977BFB00C55650 /* Products */ = {
			isa = PBXGroup;
			children = (
				4D3B3B481D977BFB00C55650 /* iosAPP_Swift.app */,
				4D3B3B5C1D977BFB00C55650 /* iosAPP_SwiftTests.xctest */,
				4D3B3B671D977BFB00C55650 /* iosAPP_SwiftUITests.xctest */,
			);
			name = Products;
			sourceTree = "<group>";
		};
		4D3B3B4A1D977BFB00C55650 /* iosAPP_Swift */ = {
			isa = PBXGroup;
			children = (
				4D3B3B791D977C2700C55650 /* Application */,
				4D3B3B7A1D977C2700C55650 /* Categories */,
				4D3B3B7B1D977C2700C55650 /* Controllers */,
				4D3B3B8C1D977C2700C55650 /* Models */,
				4D3B3B901D977C2700C55650 /* Views */,
				4D3B3B8F1D977C2700C55650 /* Vendor */,
				4D3B3B8E1D977C2700C55650 /* Utils */,
				4D3B3B8D1D977C2700C55650 /* Resources */,
				4D2488431D9781DF00A9BFD6 /* Supporting Files */,
			);
			path = iosAPP_Swift;
			sourceTree = "<group>";
		};
		4D3B3B5F1D977BFB00C55650 /* iosAPP_SwiftTests */ = {
			isa = PBXGroup;
			children = (
				4D3B3B601D977BFB00C55650 /* iosAPP_SwiftTests.swift */,
				4D3B3B621D977BFB00C55650 /* Info.plist */,
			);
			path = iosAPP_SwiftTests;
			sourceTree = "<group>";
		};
		4D3B3B6A1D977BFB00C55650 /* iosAPP_SwiftUITests */ = {
			isa = PBXGroup;
			children = (
				4D3B3B6B1D977BFB00C55650 /* iosAPP_SwiftUITests.swift */,
				4D3B3B6D1D977BFB00C55650 /* Info.plist */,
			);
			path = iosAPP_SwiftUITests;
			sourceTree = "<group>";
		};
		4D3B3B791D977C2700C55650 /* Application */ = {
			isa = PBXGroup;
			children = (
				4D3B3BA11D977C4000C55650 /* AppDelegate.swift */,
				4DE9497A1D97D83F0027B956 /* APIConstants.swift */,
			);
			path = Application;
			sourceTree = "<group>";
		};
		4D3B3B7A1D977C2700C55650 /* Categories */ = {
			isa = PBXGroup;
			children = (
			);
			path = Categories;
			sourceTree = "<group>";
		};
		4D3B3B7B1D977C2700C55650 /* Controllers */ = {
			isa = PBXGroup;
			children = (
				4D3B3B801D977C2700C55650 /* NewsSubVC */,
				4D3B3B891D977C2700C55650 /* SwappableViewController.swift */,
				4D3B3B8B1D977C2700C55650 /* TweetTableViewController.swift */,
				4D3B3B8A1D977C2700C55650 /* TweetEditViewController.swift */,
				4D3B3B7C1D977C2700C55650 /* DiscoverViewController.swift */,
				4D3B3B7D1D977C2700C55650 /* HomePageViewController.swift */,
				4D3B3B7E1D977C2700C55650 /* Main */,
			);
			path = Controllers;
			sourceTree = "<group>";
		};
		4D3B3B7E1D977C2700C55650 /* Main */ = {
			isa = PBXGroup;
			children = (
				4D3B3B7F1D977C2700C55650 /* RootViewController.swift */,
			);
			path = Main;
			sourceTree = "<group>";
		};
		4D3B3B801D977C2700C55650 /* NewsSubVC */ = {
			isa = PBXGroup;
			children = (
				4D3B3B831D977C2700C55650 /* SubNewsTableViewController.swift */,
				4D3B3B811D977C2700C55650 /* SubActivitiesTableViewController.swift */,
				4D3B3B821D977C2700C55650 /* SubBlogTableViewController.swift */,
				4D3B3B841D977C2700C55650 /* SubQuestionsTableViewController.swift */,
				4D0FF13F1D9B52F3009FC18B /* Components */,
			);
			path = NewsSubVC;
			sourceTree = "<group>";
		};
		4D3B3B8C1D977C2700C55650 /* Models */ = {
			isa = PBXGroup;
			children = (
				4D3545441D9A07DD008C466C /* TheXMLParser.swift */,
				4DE949741D9799820027B956 /* NewsObject.swift */,
				4DE949761D9799FB0027B956 /* NewsType.swift */,
			);
			path = Models;
			sourceTree = "<group>";
		};
		4D3B3B8D1D977C2700C55650 /* Resources */ = {
			isa = PBXGroup;
			children = (
			);
			path = Resources;
			sourceTree = "<group>";
		};
		4D3B3B8E1D977C2700C55650 /* Utils */ = {
			isa = PBXGroup;
			children = (
			);
			path = Utils;
			sourceTree = "<group>";
		};
		4D3B3B8F1D977C2700C55650 /* Vendor */ = {
			isa = PBXGroup;
			children = (
				4D0849731D9A70BA00AEB08F /* MBProgressHUD.framework */,
				4D7DB12F1D9786F700168786 /* SnapKit.framework */,
				4D7DB12B1D9784B000168786 /* Alamofire.framework */,
			);
			path = Vendor;
			sourceTree = "<group>";
		};
		4D3B3B901D977C2700C55650 /* Views */ = {
			isa = PBXGroup;
			children = (
				4D3B3B911D977C2700C55650 /* TitleTabBar.swift */,
			);
			path = Views;
			sourceTree = "<group>";
		};
/* End PBXGroup section */

/* Begin PBXNativeTarget section */
		4D3B3B471D977BFB00C55650 /* iosAPP_Swift */ = {
			isa = PBXNativeTarget;
			buildConfigurationList = 4D3B3B701D977BFB00C55650 /* Build configuration list for PBXNativeTarget "iosAPP_Swift" */;
			buildPhases = (
				4D3B3B441D977BFB00C55650 /* Sources */,
				4D3B3B451D977BFB00C55650 /* Frameworks */,
				4D3B3B461D977BFB00C55650 /* Resources */,
				4D7DB12D1D97857C00168786 /* CopyFiles */,
			);
			buildRules = (
			);
			dependencies = (
			);
			name = iosAPP_Swift;
			productName = iosAPP_Swift;
			productReference = 4D3B3B481D977BFB00C55650 /* iosAPP_Swift.app */;
			productType = "com.apple.product-type.application";
		};
		4D3B3B5B1D977BFB00C55650 /* iosAPP_SwiftTests */ = {
			isa = PBXNativeTarget;
			buildConfigurationList = 4D3B3B731D977BFB00C55650 /* Build configuration list for PBXNativeTarget "iosAPP_SwiftTests" */;
			buildPhases = (
				4D3B3B581D977BFB00C55650 /* Sources */,
				4D3B3B591D977BFB00C55650 /* Frameworks */,
				4D3B3B5A1D977BFB00C55650 /* Resources */,
			);
			buildRules = (
			);
			dependencies = (
				4D3B3B5E1D977BFB00C55650 /* PBXTargetDependency */,
			);
			name = iosAPP_SwiftTests;
			productName = iosAPP_SwiftTests;
			productReference = 4D3B3B5C1D977BFB00C55650 /* iosAPP_SwiftTests.xctest */;
			productType = "com.apple.product-type.bundle.unit-test";
		};
		4D3B3B661D977BFB00C55650 /* iosAPP_SwiftUITests */ = {
			isa = PBXNativeTarget;
			buildConfigurationList = 4D3B3B761D977BFB00C55650 /* Build configuration list for PBXNativeTarget "iosAPP_SwiftUITests" */;
			buildPhases = (
				4D3B3B631D977BFB00C55650 /* Sources */,
				4D3B3B641D977BFB00C55650 /* Frameworks */,
				4D3B3B651D977BFB00C55650 /* Resources */,
			);
			buildRules = (
			);
			dependencies = (
				4D3B3B691D977BFB00C55650 /* PBXTargetDependency */,
			);
			name = iosAPP_SwiftUITests;
			productName = iosAPP_SwiftUITests;
			productReference = 4D3B3B671D977BFB00C55650 /* iosAPP_SwiftUITests.xctest */;
			productType = "com.apple.product-type.bundle.ui-testing";
		};
/* End PBXNativeTarget section */

/* Begin PBXProject section */
		4D3B3B401D977BFB00C55650 /* Project object */ = {
			isa = PBXProject;
			attributes = {
				LastSwiftUpdateCheck = 0800;
				LastUpgradeCheck = 0800;
				ORGANIZATIONNAME = raymond;
				TargetAttributes = {
					4D3B3B471D977BFB00C55650 = {
						CreatedOnToolsVersion = 8.0;
						DevelopmentTeam = 24LX7EU9GN;
						ProvisioningStyle = Automatic;
					};
					4D3B3B5B1D977BFB00C55650 = {
						CreatedOnToolsVersion = 8.0;
						DevelopmentTeam = 24LX7EU9GN;
						ProvisioningStyle = Automatic;
						TestTargetID = 4D3B3B471D977BFB00C55650;
					};
					4D3B3B661D977BFB00C55650 = {
						CreatedOnToolsVersion = 8.0;
						DevelopmentTeam = 24LX7EU9GN;
						ProvisioningStyle = Automatic;
						TestTargetID = 4D3B3B471D977BFB00C55650;
					};
				};
			};
			buildConfigurationList = 4D3B3B431D977BFB00C55650 /* Build configuration list for PBXProject "iosAPP_Swift" */;
			compatibilityVersion = "Xcode 3.2";
			developmentRegion = English;
			hasScannedForEncodings = 0;
			knownRegions = (
				en,
				Base,
			);
			mainGroup = 4D3B3B3F1D977BFB00C55650;
			productRefGroup = 4D3B3B491D977BFB00C55650 /* Products */;
			projectDirPath = "";
			projectRoot = "";
			targets = (
				4D3B3B471D977BFB00C55650 /* iosAPP_Swift */,
				4D3B3B5B1D977BFB00C55650 /* iosAPP_SwiftTests */,
				4D3B3B661D977BFB00C55650 /* iosAPP_SwiftUITests */,
			);
		};
/* End PBXProject section */

/* Begin PBXResourcesBuildPhase section */
		4D3B3B461D977BFB00C55650 /* Resources */ = {
			isa = PBXResourcesBuildPhase;
			buildActionMask = 2147483647;
			files = (
				4D5AE59B1D9A6D8F00378BE5 /* Cartfile in Resources */,
				4D0FF1411D9B532A009FC18B /* NewsListcell.xib in Resources */,
				4D3B3B561D977BFB00C55650 /* LaunchScreen.storyboard in Resources */,
				4D3B3B531D977BFB00C55650 /* Assets.xcassets in Resources */,
			);
			runOnlyForDeploymentPostprocessing = 0;
		};
		4D3B3B5A1D977BFB00C55650 /* Resources */ = {
			isa = PBXResourcesBuildPhase;
			buildActionMask = 2147483647;
			files = (
			);
			runOnlyForDeploymentPostprocessing = 0;
		};
		4D3B3B651D977BFB00C55650 /* Resources */ = {
			isa = PBXResourcesBuildPhase;
			buildActionMask = 2147483647;
			files = (
			);
			runOnlyForDeploymentPostprocessing = 0;
		};
/* End PBXResourcesBuildPhase section */

/* Begin PBXSourcesBuildPhase section */
		4D3B3B441D977BFB00C55650 /* Sources */ = {
			isa = PBXSourcesBuildPhase;
			buildActionMask = 2147483647;
			files = (
				4D3B3B961D977C2700C55650 /* SubBlogTableViewController.swift in Sources */,
				4D3B3B981D977C2700C55650 /* SubQuestionsTableViewController.swift in Sources */,
				4D3B3BA01D977C2700C55650 /* TitleTabBar.swift in Sources */,
				4D3B3B941D977C2700C55650 /* RootViewController.swift in Sources */,
				4DE9497B1D97D83F0027B956 /* APIConstants.swift in Sources */,
				4D3B3B9E1D977C2700C55650 /* TweetEditViewController.swift in Sources */,
				4DB674E91D9BC20700C717B0 /* NewsDetailViewController.swift in Sources */,
				4D3B3B971D977C2700C55650 /* SubNewsTableViewController.swift in Sources */,
				4DE949771D9799FB0027B956 /* NewsType.swift in Sources */,
				4D3B3BA21D977C4000C55650 /* AppDelegate.swift in Sources */,
				4D3B3B931D977C2700C55650 /* HomePageViewController.swift in Sources */,
				4D3B3B921D977C2700C55650 /* DiscoverViewController.swift in Sources */,
				4D3B3B9F1D977C2700C55650 /* TweetTableViewController.swift in Sources */,
				4DA38D341D9CA87300ED333A /* README.md in Sources */,
				4D3545451D9A07DD008C466C /* TheXMLParser.swift in Sources */,
				4D3B3B951D977C2700C55650 /* SubActivitiesTableViewController.swift in Sources */,
				4D0FF13E1D9B52EA009FC18B /* NewsTableViewCell.swift in Sources */,
				4D3B3B9D1D977C2700C55650 /* SwappableViewController.swift in Sources */,
				4DE949751D9799820027B956 /* NewsObject.swift in Sources */,
			);
			runOnlyForDeploymentPostprocessing = 0;
		};
		4D3B3B581D977BFB00C55650 /* Sources */ = {
			isa = PBXSourcesBuildPhase;
			buildActionMask = 2147483647;
			files = (
				4D3B3B611D977BFB00C55650 /* iosAPP_SwiftTests.swift in Sources */,
			);
			runOnlyForDeploymentPostprocessing = 0;
		};
		4D3B3B631D977BFB00C55650 /* Sources */ = {
			isa = PBXSourcesBuildPhase;
			buildActionMask = 2147483647;
			files = (
				4D3B3B6C1D977BFB00C55650 /* iosAPP_SwiftUITests.swift in Sources */,
			);
			runOnlyForDeploymentPostprocessing = 0;
		};
/* End PBXSourcesBuildPhase section */

/* Begin PBXTargetDependency section */
		4D3B3B5E1D977BFB00C55650 /* PBXTargetDependency */ = {
			isa = PBXTargetDependency;
			target = 4D3B3B471D977BFB00C55650 /* iosAPP_Swift */;
			targetProxy = 4D3B3B5D1D977BFB00C55650 /* PBXContainerItemProxy */;
		};
		4D3B3B691D977BFB00C55650 /* PBXTargetDependency */ = {
			isa = PBXTargetDependency;
			target = 4D3B3B471D977BFB00C55650 /* iosAPP_Swift */;
			targetProxy = 4D3B3B681D977BFB00C55650 /* PBXContainerItemProxy */;
		};
/* End PBXTargetDependency section */

/* Begin PBXVariantGroup section */
		4D3B3B541D977BFB00C55650 /* LaunchScreen.storyboard */ = {
			isa = PBXVariantGroup;
			children = (
				4D3B3B551D977BFB00C55650 /* Base */,
			);
			name = LaunchScreen.storyboard;
			sourceTree = "<group>";
		};
/* End PBXVariantGroup section */

/* Begin XCBuildConfiguration section */
		4D3B3B6E1D977BFB00C55650 /* Debug */ = {
			isa = XCBuildConfiguration;
			buildSettings = {
				ALWAYS_SEARCH_USER_PATHS = NO;
				CLANG_ANALYZER_NONNULL = YES;
				CLANG_CXX_LANGUAGE_STANDARD = "gnu++0x";
				CLANG_CXX_LIBRARY = "libc++";
				CLANG_ENABLE_MODULES = YES;
				CLANG_ENABLE_OBJC_ARC = YES;
				CLANG_WARN_BOOL_CONVERSION = YES;
				CLANG_WARN_CONSTANT_CONVERSION = YES;
				CLANG_WARN_DIRECT_OBJC_ISA_USAGE = YES_ERROR;
				CLANG_WARN_DOCUMENTATION_COMMENTS = YES;
				CLANG_WARN_EMPTY_BODY = YES;
				CLANG_WARN_ENUM_CONVERSION = YES;
				CLANG_WARN_INFINITE_RECURSION = YES;
				CLANG_WARN_INT_CONVERSION = YES;
				CLANG_WARN_OBJC_ROOT_CLASS = YES_ERROR;
				CLANG_WARN_SUSPICIOUS_MOVES = YES;
				CLANG_WARN_UNREACHABLE_CODE = YES;
				CLANG_WARN__DUPLICATE_METHOD_MATCH = YES;
				"CODE_SIGN_IDENTITY[sdk=iphoneos*]" = "iPhone Developer";
				COPY_PHASE_STRIP = NO;
				DEBUG_INFORMATION_FORMAT = dwarf;
				ENABLE_STRICT_OBJC_MSGSEND = YES;
				ENABLE_TESTABILITY = YES;
				GCC_C_LANGUAGE_STANDARD = gnu99;
				GCC_DYNAMIC_NO_PIC = NO;
				GCC_NO_COMMON_BLOCKS = YES;
				GCC_OPTIMIZATION_LEVEL = 0;
				GCC_PREPROCESSOR_DEFINITIONS = (
					"DEBUG=1",
					"$(inherited)",
				);
				GCC_WARN_64_TO_32_BIT_CONVERSION = YES;
				GCC_WARN_ABOUT_RETURN_TYPE = YES_ERROR;
				GCC_WARN_UNDECLARED_SELECTOR = YES;
				GCC_WARN_UNINITIALIZED_AUTOS = YES_AGGRESSIVE;
				GCC_WARN_UNUSED_FUNCTION = YES;
				GCC_WARN_UNUSED_VARIABLE = YES;
				IPHONEOS_DEPLOYMENT_TARGET = 10.0;
				MTL_ENABLE_DEBUG_INFO = YES;
				ONLY_ACTIVE_ARCH = YES;
				SDKROOT = iphoneos;
				SWIFT_ACTIVE_COMPILATION_CONDITIONS = DEBUG;
				SWIFT_OPTIMIZATION_LEVEL = "-Onone";
				TARGETED_DEVICE_FAMILY = "1,2";
			};
			name = Debug;
		};
		4D3B3B6F1D977BFB00C55650 /* Release */ = {
			isa = XCBuildConfiguration;
			buildSettings = {
				ALWAYS_SEARCH_USER_PATHS = NO;
				CLANG_ANALYZER_NONNULL = YES;
				CLANG_CXX_LANGUAGE_STANDARD = "gnu++0x";
				CLANG_CXX_LIBRARY = "libc++";
				CLANG_ENABLE_MODULES = YES;
				CLANG_ENABLE_OBJC_ARC = YES;
				CLANG_WARN_BOOL_CONVERSION = YES;
				CLANG_WARN_CONSTANT_CONVERSION = YES;
				CLANG_WARN_DIRECT_OBJC_ISA_USAGE = YES_ERROR;
				CLANG_WARN_DOCUMENTATION_COMMENTS = YES;
				CLANG_WARN_EMPTY_BODY = YES;
				CLANG_WARN_ENUM_CONVERSION = YES;
				CLANG_WARN_INFINITE_RECURSION = YES;
				CLANG_WARN_INT_CONVERSION = YES;
				CLANG_WARN_OBJC_ROOT_CLASS = YES_ERROR;
				CLANG_WARN_SUSPICIOUS_MOVES = YES;
				CLANG_WARN_UNREACHABLE_CODE = YES;
				CLANG_WARN__DUPLICATE_METHOD_MATCH = YES;
				"CODE_SIGN_IDENTITY[sdk=iphoneos*]" = "iPhone Developer";
				COPY_PHASE_STRIP = NO;
				DEBUG_INFORMATION_FORMAT = "dwarf-with-dsym";
				ENABLE_NS_ASSERTIONS = NO;
				ENABLE_STRICT_OBJC_MSGSEND = YES;
				GCC_C_LANGUAGE_STANDARD = gnu99;
				GCC_NO_COMMON_BLOCKS = YES;
				GCC_WARN_64_TO_32_BIT_CONVERSION = YES;
				GCC_WARN_ABOUT_RETURN_TYPE = YES_ERROR;
				GCC_WARN_UNDECLARED_SELECTOR = YES;
				GCC_WARN_UNINITIALIZED_AUTOS = YES_AGGRESSIVE;
				GCC_WARN_UNUSED_FUNCTION = YES;
				GCC_WARN_UNUSED_VARIABLE = YES;
				IPHONEOS_DEPLOYMENT_TARGET = 10.0;
				MTL_ENABLE_DEBUG_INFO = NO;
				SDKROOT = iphoneos;
				SWIFT_OPTIMIZATION_LEVEL = "-Owholemodule";
				TARGETED_DEVICE_FAMILY = "1,2";
				VALIDATE_PRODUCT = YES;
			};
			name = Release;
		};
		4D3B3B711D977BFB00C55650 /* Debug */ = {
			isa = XCBuildConfiguration;
			buildSettings = {
				ASSETCATALOG_COMPILER_APPICON_NAME = AppIcon;
				DEVELOPMENT_TEAM = 24LX7EU9GN;
				FRAMEWORK_SEARCH_PATHS = (
					"$(inherited)",
					"$(PROJECT_DIR)/iosAPP_Swift/Vendor",
				);
				INFOPLIST_FILE = iosAPP_Swift/Info.plist;
				IPHONEOS_DEPLOYMENT_TARGET = 9.0;
				LD_RUNPATH_SEARCH_PATHS = "$(inherited) @executable_path/Frameworks";
				PRODUCT_BUNDLE_IDENTIFIER = com.KYR.raymond.MemoSpecial;
				PRODUCT_NAME = "$(TARGET_NAME)";
				SWIFT_VERSION = 3.0;
			};
			name = Debug;
		};
		4D3B3B721D977BFB00C55650 /* Release */ = {
			isa = XCBuildConfiguration;
			buildSettings = {
				ASSETCATALOG_COMPILER_APPICON_NAME = AppIcon;
				DEVELOPMENT_TEAM = 24LX7EU9GN;
				FRAMEWORK_SEARCH_PATHS = (
					"$(inherited)",
					"$(PROJECT_DIR)/iosAPP_Swift/Vendor",
				);
				INFOPLIST_FILE = iosAPP_Swift/Info.plist;
				IPHONEOS_DEPLOYMENT_TARGET = 9.0;
				LD_RUNPATH_SEARCH_PATHS = "$(inherited) @executable_path/Frameworks";
				PRODUCT_BUNDLE_IDENTIFIER = com.KYR.raymond.MemoSpecial;
				PRODUCT_NAME = "$(TARGET_NAME)";
				SWIFT_VERSION = 3.0;
			};
			name = Release;
		};
		4D3B3B741D977BFB00C55650 /* Debug */ = {
			isa = XCBuildConfiguration;
			buildSettings = {
				ALWAYS_EMBED_SWIFT_STANDARD_LIBRARIES = YES;
				BUNDLE_LOADER = "$(TEST_HOST)";
				DEVELOPMENT_TEAM = 24LX7EU9GN;
				INFOPLIST_FILE = iosAPP_SwiftTests/Info.plist;
				LD_RUNPATH_SEARCH_PATHS = "$(inherited) @executable_path/Frameworks @loader_path/Frameworks";
				PRODUCT_BUNDLE_IDENTIFIER = "com.KYR.raymond.iosAPP-SwiftTests";
				PRODUCT_NAME = "$(TARGET_NAME)";
				SWIFT_VERSION = 3.0;
				TEST_HOST = "$(BUILT_PRODUCTS_DIR)/iosAPP_Swift.app/iosAPP_Swift";
			};
			name = Debug;
		};
		4D3B3B751D977BFB00C55650 /* Release */ = {
			isa = XCBuildConfiguration;
			buildSettings = {
				ALWAYS_EMBED_SWIFT_STANDARD_LIBRARIES = YES;
				BUNDLE_LOADER = "$(TEST_HOST)";
				DEVELOPMENT_TEAM = 24LX7EU9GN;
				INFOPLIST_FILE = iosAPP_SwiftTests/Info.plist;
				LD_RUNPATH_SEARCH_PATHS = "$(inherited) @executable_path/Frameworks @loader_path/Frameworks";
				PRODUCT_BUNDLE_IDENTIFIER = "com.KYR.raymond.iosAPP-SwiftTests";
				PRODUCT_NAME = "$(TARGET_NAME)";
				SWIFT_VERSION = 3.0;
				TEST_HOST = "$(BUILT_PRODUCTS_DIR)/iosAPP_Swift.app/iosAPP_Swift";
			};
			name = Release;
		};
		4D3B3B771D977BFB00C55650 /* Debug */ = {
			isa = XCBuildConfiguration;
			buildSettings = {
				ALWAYS_EMBED_SWIFT_STANDARD_LIBRARIES = YES;
				DEVELOPMENT_TEAM = 24LX7EU9GN;
				INFOPLIST_FILE = iosAPP_SwiftUITests/Info.plist;
				LD_RUNPATH_SEARCH_PATHS = "$(inherited) @executable_path/Frameworks @loader_path/Frameworks";
				PRODUCT_BUNDLE_IDENTIFIER = "com.KYR.raymond.iosAPP-SwiftUITests";
				PRODUCT_NAME = "$(TARGET_NAME)";
				SWIFT_VERSION = 3.0;
				TEST_TARGET_NAME = iosAPP_Swift;
			};
			name = Debug;
		};
		4D3B3B781D977BFB00C55650 /* Release */ = {
			isa = XCBuildConfiguration;
			buildSettings = {
				ALWAYS_EMBED_SWIFT_STANDARD_LIBRARIES = YES;
				DEVELOPMENT_TEAM = 24LX7EU9GN;
				INFOPLIST_FILE = iosAPP_SwiftUITests/Info.plist;
				LD_RUNPATH_SEARCH_PATHS = "$(inherited) @executable_path/Frameworks @loader_path/Frameworks";
				PRODUCT_BUNDLE_IDENTIFIER = "com.KYR.raymond.iosAPP-SwiftUITests";
				PRODUCT_NAME = "$(TARGET_NAME)";
				SWIFT_VERSION = 3.0;
				TEST_TARGET_NAME = iosAPP_Swift;
			};
			name = Release;
		};
/* End XCBuildConfiguration section */

/* Begin XCConfigurationList section */
		4D3B3B431D977BFB00C55650 /* Build configuration list for PBXProject "iosAPP_Swift" */ = {
			isa = XCConfigurationList;
			buildConfigurations = (
				4D3B3B6E1D977BFB00C55650 /* Debug */,
				4D3B3B6F1D977BFB00C55650 /* Release */,
			);
			defaultConfigurationIsVisible = 0;
			defaultConfigurationName = Release;
		};
		4D3B3B701D977BFB00C55650 /* Build configuration list for PBXNativeTarget "iosAPP_Swift" */ = {
			isa = XCConfigurationList;
			buildConfigurations = (
				4D3B3B711D977BFB00C55650 /* Debug */,
				4D3B3B721D977BFB00C55650 /* Release */,
			);
			defaultConfigurationIsVisible = 0;
			defaultConfigurationName = Release;
		};
		4D3B3B731D977BFB00C55650 /* Build configuration list for PBXNativeTarget "iosAPP_SwiftTests" */ = {
			isa = XCConfigurationList;
			buildConfigurations = (
				4D3B3B741D977BFB00C55650 /* Debug */,
				4D3B3B751D977BFB00C55650 /* Release */,
			);
			defaultConfigurationIsVisible = 0;
			defaultConfigurationName = Release;
		};
		4D3B3B761D977BFB00C55650 /* Build configuration list for PBXNativeTarget "iosAPP_SwiftUITests" */ = {
			isa = XCConfigurationList;
			buildConfigurations = (
				4D3B3B771D977BFB00C55650 /* Debug */,
				4D3B3B781D977BFB00C55650 /* Release */,
			);
			defaultConfigurationIsVisible = 0;
			defaultConfigurationName = Release;
		};
/* End XCConfigurationList section */
	};
	rootObject = 4D3B3B401D977BFB00C55650 /* Project object */;
}
